{
  "name": "werner-strauch-carousel",
  "version": "2.0.0",
  "lockfileVersion": 3,
  "requires": true,
  "packages": {
    "": {
      "name": "werner-strauch-carousel",
      "version": "2.0.0",
      "dependencies": {
        "@fal-ai/client": "^1.8.1",
        "@inquirer/prompts": "^8.1.0",
        "ora": "^9.0.0",
        "pdf-lib": "^1.17.1",
        "puppeteer": "^22.0.0"
      },
      "devDependencies": {
        "@types/node": "^20.11.0",
        "tsx": "^4.7.0",
        "typescript": "^5.3.0"
      }
    },
    "../node_modules/.pnpm/@inquirer+prompts@8.1.0_@types+node@20.19.27/node_modules/@inquirer/prompts": {
      "version": "8.1.0",
      "license": "MIT",
      "dependencies": {
        "@inquirer/checkbox": "^5.0.3",
        "@inquirer/confirm": "^6.0.3",
        "@inquirer/editor": "^5.0.3",
        "@inquirer/expand": "^5.0.3",
        "@inquirer/input": "^5.0.3",
        "@inquirer/number": "^4.0.3",
        "@inquirer/password": "^5.0.3",
        "@inquirer/rawlist": "^5.1.0",
        "@inquirer/search": "^4.0.3",
        "@inquirer/select": "^5.0.3"
      },
      "devDependencies": {
        "@inquirer/type": "^4.0.2",
        "@repo/tsconfig": "0.0.0",
        "typescript": "^5.9.3"
      },
      "engines": {
        "node": ">=23.5.0 || ^22.13.0 || ^21.7.0 || ^20.12.0"
      },
      "peerDependencies": {
        "@types/node": ">=18"
      },
      "peerDependenciesMeta": {
        "@types/node": {
          "optional": true
        }
      }
    },
    "../node_modules/.pnpm/@types+node@20.19.27/node_modules/@types/node": {
      "version": "20.19.27",
      "dev": true,
      "license": "MIT",
      "dependencies": {
        "undici-types": "~6.21.0"
      }
    },
    "../node_modules/.pnpm/ora@9.0.0/node_modules/ora": {
      "version": "9.0.0",
      "license": "MIT",
      "dependencies": {
        "chalk": "^5.6.2",
        "cli-cursor": "^5.0.0",
        "cli-spinners": "^3.2.0",
        "is-interactive": "^2.0.0",
        "is-unicode-supported": "^2.1.0",
        "log-symbols": "^7.0.1",
        "stdin-discarder": "^0.2.2",
        "string-width": "^8.1.0",
        "strip-ansi": "^7.1.2"
      },
      "devDependencies": {
        "@types/node": "^24.5.0",
        "ava": "^6.4.1",
        "get-stream": "^9.0.1",
        "transform-tty": "^1.0.11",
        "tsd": "^0.33.0",
        "xo": "^1.2.2"
      },
      "engines": {
        "node": ">=20"
      },
      "funding": {
        "url": "https://github.com/sponsors/sindresorhus"
      }
    },
    "../node_modules/.pnpm/pdf-lib@1.17.1/node_modules/pdf-lib": {
      "version": "1.17.1",
      "license": "MIT",
      "dependencies": {
        "@pdf-lib/standard-fonts": "^1.0.0",
        "@pdf-lib/upng": "^1.0.1",
        "pako": "^1.0.11",
        "tslib": "^1.11.1"
      },
      "devDependencies": {
        "@pdf-lib/fontkit": "^1.1.0",
        "@rollup/plugin-commonjs": "^13.0.0",
        "@rollup/plugin-json": "^4.1.0",
        "@rollup/plugin-node-resolve": "^8.0.1",
        "@types/jest": "^26.0.0",
        "@types/node-fetch": "^2.5.7",
        "@types/pako": "^1.0.1",
        "@zerollup/ts-transform-paths": "^1.7.18",
        "downlevel-dts": "^0.5.0",
        "flamebearer": "^1.1.3",
        "http-server": "^0.12.3",
        "jest": "^26.0.1",
        "node-fetch": "^2.6.0",
        "prettier": "^2.0.5",
        "rimraf": "^3.0.2",
        "rollup": "^2.17.1",
        "rollup-plugin-terser": "^6.1.0",
        "ts-jest": "^26.1.0",
        "tslint": "^6.1.2",
        "tslint-config-prettier": "^1.18.0",
        "ttypescript": "^1.5.10",
        "typescript": "^3.9.5"
      }
    },
    "../node_modules/.pnpm/puppeteer@22.15.0_typescript@5.9.3/node_modules/puppeteer": {
      "version": "22.15.0",
      "hasInstallScript": true,
      "license": "Apache-2.0",
      "dependencies": {
        "@puppeteer/browsers": "2.3.0",
        "cosmiconfig": "^9.0.0",
        "devtools-protocol": "0.0.1312386",
        "puppeteer-core": "22.15.0"
      },
      "bin": {
        "puppeteer": "lib/esm/puppeteer/node/cli.js"
      },
      "devDependencies": {
        "@types/node": "18.17.15"
      },
      "engines": {
        "node": ">=18"
      }
    },
    "../node_modules/.pnpm/tsx@4.21.0/node_modules/tsx": {
      "version": "4.21.0",
      "dev": true,
      "license": "MIT",
      "dependencies": {
        "esbuild": "~0.27.0",
        "get-tsconfig": "^4.7.5"
      },
      "bin": {
        "tsx": "dist/cli.mjs"
      },
      "engines": {
        "node": ">=18.0.0"
      },
      "optionalDependencies": {
        "fsevents": "~2.3.3"
      }
    },
    "../node_modules/.pnpm/typescript@5.9.3/node_modules/typescript": {
      "version": "5.9.3",
      "dev": true,
      "license": "Apache-2.0",
      "bin": {
        "tsc": "bin/tsc",
        "tsserver": "bin/tsserver"
      },
      "devDependencies": {
        "@dprint/formatter": "^0.4.1",
        "@dprint/typescript": "0.93.4",
        "@esfx/canceltoken": "^1.0.0",
        "@eslint/js": "^9.20.0",
        "@octokit/rest": "^21.1.1",
        "@types/chai": "^4.3.20",
        "@types/diff": "^7.0.1",
        "@types/minimist": "^1.2.5",
        "@types/mocha": "^10.0.10",
        "@types/ms": "^0.7.34",
        "@types/node": "latest",
        "@types/source-map-support": "^0.5.10",
        "@types/which": "^3.0.4",
        "@typescript-eslint/rule-tester": "^8.24.1",
        "@typescript-eslint/type-utils": "^8.24.1",
        "@typescript-eslint/utils": "^8.24.1",
        "azure-devops-node-api": "^14.1.0",
        "c8": "^10.1.3",
        "chai": "^4.5.0",
        "chokidar": "^4.0.3",
        "diff": "^7.0.0",
        "dprint": "^0.49.0",
        "esbuild": "^0.25.0",
        "eslint": "^9.20.1",
        "eslint-formatter-autolinkable-stylish": "^1.4.0",
        "eslint-plugin-regexp": "^2.7.0",
        "fast-xml-parser": "^4.5.2",
        "glob": "^10.4.5",
        "globals": "^15.15.0",
        "hereby": "^1.10.0",
        "jsonc-parser": "^3.3.1",
        "knip": "^5.44.4",
        "minimist": "^1.2.8",
        "mocha": "^10.8.2",
        "mocha-fivemat-progress-reporter": "^0.1.0",
        "monocart-coverage-reports": "^2.12.1",
        "ms": "^2.1.3",
        "picocolors": "^1.1.1",
        "playwright": "^1.50.1",
        "source-map-support": "^0.5.21",
        "tslib": "^2.8.1",
        "typescript": "^5.7.3",
        "typescript-eslint": "^8.24.1",
        "which": "^3.0.1"
      },
      "engines": {
        "node": ">=14.17"
      }
    },
    "node_modules/@fal-ai/client": {
      "version": "1.8.1",
      "resolved": "https://registry.npmjs.org/@fal-ai/client/-/client-1.8.1.tgz",
      "integrity": "sha512-IO05V0VaiIA4pIi4q5thM0suC0bUCzxX40qM15XcMuvefYk+qWECKHnxjeGCSEkvKkZ/uCF8RNqvYwjZ4wJxXQ==",
      "license": "MIT",
      "dependencies": {
        "@msgpack/msgpack": "^3.0.0-beta2",
        "eventsource-parser": "^1.1.2",
        "robot3": "^0.4.1"
      },
      "engines": {
        "node": ">=22.0.0"
      }
    },
    "node_modules/@inquirer/prompts": {
      "resolved": "../node_modules/.pnpm/@inquirer+prompts@8.1.0_@types+node@20.19.27/node_modules/@inquirer/prompts",
      "link": true
    },
    "node_modules/@msgpack/msgpack": {
      "version": "3.1.3",
      "resolved": "https://registry.npmjs.org/@msgpack/msgpack/-/msgpack-3.1.3.tgz",
      "integrity": "sha512-47XIizs9XZXvuJgoaJUIE2lFoID8ugvc0jzSHP+Ptfk8nTbnR8g788wv48N03Kx0UkAv559HWRQ3yzOgzlRNUA==",
      "license": "ISC",
      "engines": {
        "node": ">= 18"
      }
    },
    "node_modules/@types/node": {
      "resolved": "../node_modules/.pnpm/@types+node@20.19.27/node_modules/@types/node",
      "link": true
    },
    "node_modules/eventsource-parser": {
      "version": "1.1.2",
      "resolved": "https://registry.npmjs.org/eventsource-parser/-/eventsource-parser-1.1.2.tgz",
      "integrity": "sha512-v0eOBUbiaFojBu2s2NPBfYUoRR9GjcDNvCXVaqEf5vVfpIAh9f8RCo4vXTP8c63QRKCFwoLpMpTdPwwhEKVgzA==",
      "license": "MIT",
      "engines": {
        "node": ">=14.18"
      }
    },
    "node_modules/ora": {
      "resolved": "../node_modules/.pnpm/ora@9.0.0/node_modules/ora",
      "link": true
    },
    "node_modules/pdf-lib": {
      "resolved": "../node_modules/.pnpm/pdf-lib@1.17.1/node_modules/pdf-lib",
      "link": true
    },
    "node_modules/puppeteer": {
      "resolved": "../node_modules/.pnpm/puppeteer@22.15.0_typescript@5.9.3/node_modules/puppeteer",
      "link": true
    },
    "node_modules/robot3": {
      "version": "0.4.1",
      "resolved": "https://registry.npmjs.org/robot3/-/robot3-0.4.1.tgz",
      "integrity": "sha512-hzjy826lrxzx8eRgv80idkf8ua1JAepRc9Efdtj03N3KNJuznQCPlyCJ7gnUmDFwZCLQjxy567mQVKmdv2BsXQ==",
      "license": "BSD-2-Clause"
    },
    "node_modules/tsx": {
      "resolved": "../node_modules/.pnpm/tsx@4.21.0/node_modules/tsx",
      "link": true
    },
    "node_modules/typescript": {
      "resolved": "../node_modules/.pnpm/typescript@5.9.3/node_modules/typescript",
      "link": true
    }
  }
}
