{
  "name": "website",
  "version": "0.0.1",
  "lockfileVersion": 3,
  "requires": true,
  "packages": {
    "": {
      "name": "website",
      "version": "0.0.1",
      "dependencies": {
        "@alpinejs/collapse": "^3.15.3",
        "@astrojs/mdx": "^4.3.13",
        "@astrojs/node": "^9.5.1",
        "@astrojs/sitemap": "^3.6.0",
        "@iconify-json/heroicons": "^1.2.3",
        "@iconify-json/simple-icons": "^1.2.64",
        "@tailwindcss/forms": "^0.5.11",
        "@tailwindcss/typography": "^0.5.19",
        "@tailwindcss/vite": "^4.1.18",
        "@types/three": "^0.182.0",
        "alpinejs": "^3.15.3",
        "astro": "^5.16.6",
        "astro-icon": "^1.1.5",
        "gsap": "^3.14.2",
        "js-yaml": "^4.1.1",
        "marked": "^17.0.1",
        "resend": "^6.6.0",
        "tailwind-merge": "^3.4.0",
        "tailwindcss": "^4.1.18",
        "three": "^0.182.0",
        "vanilla-cookieconsent": "^3.1.0"
      },
      "devDependencies": {
        "@types/js-yaml": "^4.0.9"
      }
    },
    "../node_modules/.pnpm/@alpinejs+collapse@3.15.3/node_modules/@alpinejs/collapse": {
      "version": "3.15.3",
      "license": "MIT"
    },
    "../node_modules/.pnpm/@astrojs+mdx@4.3.13_astro@5.16.6_@types+node@25.0.3_jiti@2.6.1_lightningcss@1.30.2_roll_8f3b931b9797a2b17cf155c0306554e6/node_modules/@astrojs/mdx": {
      "version": "4.3.13",
      "license": "MIT",
      "dependencies": {
        "@astrojs/markdown-remark": "6.3.10",
        "@mdx-js/mdx": "^3.1.1",
        "acorn": "^8.15.0",
        "es-module-lexer": "^1.7.0",
        "estree-util-visit": "^2.0.0",
        "hast-util-to-html": "^9.0.5",
        "piccolore": "^0.1.3",
        "rehype-raw": "^7.0.0",
        "remark-gfm": "^4.0.1",
        "remark-smartypants": "^3.0.2",
        "source-map": "^0.7.6",
        "unist-util-visit": "^5.0.0",
        "vfile": "^6.0.3"
      },
      "devDependencies": {
        "@types/estree": "^1.0.8",
        "@types/hast": "^3.0.4",
        "@types/mdast": "^4.0.4",
        "astro": "5.16.5",
        "astro-scripts": "0.0.14",
        "cheerio": "1.1.2",
        "linkedom": "^0.18.12",
        "mdast-util-mdx": "^3.0.0",
        "mdast-util-mdx-jsx": "^3.2.0",
        "rehype-mathjax": "^7.1.0",
        "rehype-pretty-code": "^0.14.1",
        "remark-math": "^6.0.0",
        "remark-rehype": "^11.1.2",
        "remark-shiki-twoslash": "^3.1.3",
        "remark-toc": "^9.0.0",
        "shiki": "^3.15.0",
        "unified": "^11.0.5",
        "vite": "^6.4.1"
      },
      "engines": {
        "node": "18.20.8 || ^20.3.0 || >=22.0.0"
      },
      "peerDependencies": {
        "astro": "^5.0.0"
      }
    },
    "../node_modules/.pnpm/@astrojs+node@9.5.1_astro@5.16.6_@types+node@25.0.3_jiti@2.6.1_lightningcss@1.30.2_roll_36ca7bf1791bea0fcf63c3d3be5032b5/node_modules/@astrojs/node": {
      "version": "9.5.1",
      "license": "MIT",
      "dependencies": {
        "@astrojs/internal-helpers": "0.7.5",
        "send": "^1.2.0",
        "server-destroy": "^1.0.1"
      },
      "devDependencies": {
        "@types/node": "^22.10.6",
        "@types/send": "^0.17.6",
        "@types/server-destroy": "^1.0.4",
        "astro": "5.15.9",
        "astro-scripts": "0.0.14",
        "cheerio": "1.1.2",
        "devalue": "^5.4.2",
        "express": "^4.21.2",
        "node-mocks-http": "^1.17.2"
      },
      "peerDependencies": {
        "astro": "^5.14.3"
      }
    },
    "../node_modules/.pnpm/@astrojs+sitemap@3.6.0/node_modules/@astrojs/sitemap": {
      "version": "3.6.0",
      "license": "MIT",
      "dependencies": {
        "sitemap": "^8.0.0",
        "stream-replace-string": "^2.0.0",
        "zod": "^3.25.76"
      },
      "devDependencies": {
        "astro": "5.13.8",
        "astro-scripts": "0.0.14",
        "xml2js": "0.6.2"
      }
    },
    "../node_modules/.pnpm/@iconify-json+heroicons@1.2.3/node_modules/@iconify-json/heroicons": {
      "version": "1.2.3",
      "license": "MIT",
      "dependencies": {
        "@iconify/types": "*"
      }
    },
    "../node_modules/.pnpm/@iconify-json+simple-icons@1.2.64/node_modules/@iconify-json/simple-icons": {
      "version": "1.2.64",
      "license": "CC0-1.0",
      "dependencies": {
        "@iconify/types": "*"
      }
    },
    "../node_modules/.pnpm/@tailwindcss+forms@0.5.11_tailwindcss@4.1.18/node_modules/@tailwindcss/forms": {
      "version": "0.5.11",
      "license": "MIT",
      "dependencies": {
        "mini-svg-data-uri": "^1.2.3"
      },
      "devDependencies": {
        "autoprefixer": "^10.4.6",
        "concurrently": "^5.3.0",
        "live-server": "^1.2.2",
        "postcss": "^8.4.13",
        "prettier": "^3.3.3",
        "prettier-plugin-tailwindcss": "^0.6.8",
        "tailwindcss": "^3.0.24"
      },
      "peerDependencies": {
        "tailwindcss": ">=3.0.0 || >= 3.0.0-alpha.1 || >= 4.0.0-alpha.20 || >= 4.0.0-beta.1"
      }
    },
    "../node_modules/.pnpm/@tailwindcss+typography@0.5.19_tailwindcss@4.1.18/node_modules/@tailwindcss/typography": {
      "version": "0.5.19",
      "license": "MIT",
      "dependencies": {
        "postcss-selector-parser": "6.0.10"
      },
      "devDependencies": {
        "@mdx-js/loader": "^1.0.19",
        "@mdx-js/mdx": "^1.6.6",
        "@next/mdx": "^8.1.0",
        "autoprefixer": "^10.2.1",
        "highlight.js": "^10.4.1",
        "jest": "^29.7.0",
        "jest-diff": "^27.3.1",
        "next": "^12.0.1",
        "postcss": "^8.2.3",
        "prettier": "^2.1.2",
        "react": "^17.0.2",
        "react-dom": "^17.0.2",
        "tailwindcss": "^3.2.2"
      },
      "peerDependencies": {
        "tailwindcss": ">=3.0.0 || insiders || >=4.0.0-alpha.20 || >=4.0.0-beta.1"
      }
    },
    "../node_modules/.pnpm/@tailwindcss+vite@4.1.18_vite@6.4.1_@types+node@25.0.3_jiti@2.6.1_lightningcss@1.30.2_tsx@4.21.0_yaml@2.8.2_/node_modules/@tailwindcss/vite": {
      "version": "4.1.18",
      "license": "MIT",
      "dependencies": {
        "@tailwindcss/node": "4.1.18",
        "@tailwindcss/oxide": "4.1.18",
        "tailwindcss": "4.1.18"
      },
      "devDependencies": {
        "@types/node": "^20.19.0",
        "vite": "^7.0.0"
      },
      "peerDependencies": {
        "vite": "^5.2.0 || ^6 || ^7"
      }
    },
    "../node_modules/.pnpm/@types+js-yaml@4.0.9/node_modules/@types/js-yaml": {
      "version": "4.0.9",
      "dev": true,
      "license": "MIT"
    },
    "../node_modules/.pnpm/@types+three@0.182.0/node_modules/@types/three": {
      "version": "0.182.0",
      "license": "MIT",
      "dependencies": {
        "@dimforge/rapier3d-compat": "~0.12.0",
        "@tweenjs/tween.js": "~23.1.3",
        "@types/stats.js": "*",
        "@types/webxr": ">=0.5.17",
        "@webgpu/types": "*",
        "fflate": "~0.8.2",
        "meshoptimizer": "~0.22.0"
      }
    },
    "../node_modules/.pnpm/alpinejs@3.15.3/node_modules/alpinejs": {
      "version": "3.15.3",
      "license": "MIT",
      "dependencies": {
        "@vue/reactivity": "~3.1.1"
      }
    },
    "../node_modules/.pnpm/astro-icon@1.1.5/node_modules/astro-icon": {
      "version": "1.1.5",
      "license": "MIT",
      "dependencies": {
        "@iconify/tools": "^4.0.5",
        "@iconify/types": "^2.0.0",
        "@iconify/utils": "^2.1.30"
      },
      "devDependencies": {
        "@types/node": "^18.18.0",
        "astro": "^4.0.0",
        "typescript": "^5.0.4",
        "vite": "^5.0.0"
      }
    },
    "../node_modules/.pnpm/astro@5.16.6_@types+node@25.0.3_jiti@2.6.1_lightningcss@1.30.2_rollup@4.54.0_tsx@4.21.0_typescript@5.9.3_yaml@2.8.2/node_modules/astro": {
      "version": "5.16.6",
      "license": "MIT",
      "dependencies": {
        "@astrojs/compiler": "^2.13.0",
        "@astrojs/internal-helpers": "0.7.5",
        "@astrojs/markdown-remark": "6.3.10",
        "@astrojs/telemetry": "3.3.0",
        "@capsizecss/unpack": "^3.0.1",
        "@oslojs/encoding": "^1.1.0",
        "@rollup/pluginutils": "^5.3.0",
        "acorn": "^8.15.0",
        "aria-query": "^5.3.2",
        "axobject-query": "^4.1.0",
        "boxen": "8.0.1",
        "ci-info": "^4.3.1",
        "clsx": "^2.1.1",
        "common-ancestor-path": "^1.0.1",
        "cookie": "^1.0.2",
        "cssesc": "^3.0.0",
        "debug": "^4.4.3",
        "deterministic-object-hash": "^2.0.2",
        "devalue": "^5.5.0",
        "diff": "^5.2.0",
        "dlv": "^1.1.3",
        "dset": "^3.1.4",
        "es-module-lexer": "^1.7.0",
        "esbuild": "^0.25.0",
        "estree-walker": "^3.0.3",
        "flattie": "^1.1.1",
        "fontace": "~0.3.1",
        "github-slugger": "^2.0.0",
        "html-escaper": "3.0.3",
        "http-cache-semantics": "^4.2.0",
        "import-meta-resolve": "^4.2.0",
        "js-yaml": "^4.1.1",
        "magic-string": "^0.30.21",
        "magicast": "^0.5.1",
        "mrmime": "^2.0.1",
        "neotraverse": "^0.6.18",
        "p-limit": "^6.2.0",
        "p-queue": "^8.1.1",
        "package-manager-detector": "^1.5.0",
        "piccolore": "^0.1.3",
        "picomatch": "^4.0.3",
        "prompts": "^2.4.2",
        "rehype": "^13.0.2",
        "semver": "^7.7.3",
        "shiki": "^3.15.0",
        "smol-toml": "^1.5.2",
        "svgo": "^4.0.0",
        "tinyexec": "^1.0.2",
        "tinyglobby": "^0.2.15",
        "tsconfck": "^3.1.6",
        "ultrahtml": "^1.6.0",
        "unifont": "~0.6.0",
        "unist-util-visit": "^5.0.0",
        "unstorage": "^1.17.3",
        "vfile": "^6.0.3",
        "vite": "^6.4.1",
        "vitefu": "^1.1.1",
        "xxhash-wasm": "^1.1.0",
        "yargs-parser": "^21.1.1",
        "yocto-spinner": "^0.2.3",
        "zod": "^3.25.76",
        "zod-to-json-schema": "^3.25.0",
        "zod-to-ts": "^1.2.0"
      },
      "bin": {
        "astro": "astro.js"
      },
      "devDependencies": {
        "@astrojs/check": "0.9.6",
        "@playwright/test": "1.56.1",
        "@types/aria-query": "^5.0.4",
        "@types/common-ancestor-path": "^1.0.2",
        "@types/cssesc": "^3.0.2",
        "@types/debug": "^4.1.12",
        "@types/diff": "^5.2.3",
        "@types/dlv": "^1.1.5",
        "@types/hast": "^3.0.4",
        "@types/html-escaper": "3.0.4",
        "@types/http-cache-semantics": "^4.0.4",
        "@types/js-yaml": "^4.0.9",
        "@types/picomatch": "^3.0.2",
        "@types/prompts": "^2.4.9",
        "@types/semver": "^7.7.1",
        "@types/yargs-parser": "^21.0.3",
        "astro-scripts": "0.0.14",
        "cheerio": "1.1.2",
        "eol": "^0.10.0",
        "expect-type": "^1.2.2",
        "fs-fixture": "^2.11.0",
        "mdast-util-mdx": "^3.0.0",
        "mdast-util-mdx-jsx": "^3.2.0",
        "node-mocks-http": "^1.17.2",
        "parse-srcset": "^1.0.2",
        "rehype-autolink-headings": "^7.1.0",
        "rehype-slug": "^6.0.0",
        "rehype-toc": "^3.0.2",
        "remark-code-titles": "^0.1.2",
        "rollup": "^4.53.3",
        "sass": "^1.94.2",
        "typescript": "^5.9.3",
        "undici": "^6.22.0",
        "unified": "^11.0.5",
        "vitest": "^3.2.4"
      },
      "engines": {
        "node": "18.20.8 || ^20.3.0 || >=22.0.0",
        "npm": ">=9.6.5",
        "pnpm": ">=7.1.0"
      },
      "funding": {
        "type": "opencollective",
        "url": "https://opencollective.com/astrodotbuild"
      },
      "optionalDependencies": {
        "sharp": "^0.34.0"
      }
    },
    "../node_modules/.pnpm/gsap@3.14.2/node_modules/gsap": {
      "version": "3.14.2",
      "license": "Standard 'no charge' license: https://gsap.com/standard-license."
    },
    "../node_modules/.pnpm/js-yaml@4.1.1/node_modules/js-yaml": {
      "version": "4.1.1",
      "license": "MIT",
      "dependencies": {
        "argparse": "^2.0.1"
      },
      "bin": {
        "js-yaml": "bin/js-yaml.js"
      },
      "devDependencies": {
        "@rollup/plugin-commonjs": "^17.0.0",
        "@rollup/plugin-node-resolve": "^11.0.0",
        "ansi": "^0.3.1",
        "benchmark": "^2.1.4",
        "codemirror": "^5.13.4",
        "eslint": "^7.0.0",
        "fast-check": "^2.8.0",
        "gh-pages": "^3.1.0",
        "mocha": "^8.2.1",
        "nyc": "^15.1.0",
        "rollup": "^2.34.1",
        "rollup-plugin-node-polyfills": "^0.2.1",
        "rollup-plugin-terser": "^7.0.2",
        "shelljs": "^0.8.4"
      }
    },
    "../node_modules/.pnpm/marked@17.0.1/node_modules/marked": {
      "version": "17.0.1",
      "license": "MIT",
      "bin": {
        "marked": "bin/marked.js"
      },
      "devDependencies": {
        "@arethetypeswrong/cli": "^0.18.2",
        "@markedjs/eslint-config": "^1.0.14",
        "@markedjs/testutils": "15.0.11-0",
        "@semantic-release/commit-analyzer": "^13.0.1",
        "@semantic-release/git": "^10.0.1",
        "@semantic-release/github": "^12.0.2",
        "@semantic-release/npm": "^13.1.2",
        "@semantic-release/release-notes-generator": "^14.1.0",
        "cheerio": "1.1.2",
        "commonmark": "0.31.2",
        "cross-env": "^10.1.0",
        "dts-bundle-generator": "^9.5.1",
        "esbuild": "^0.27.0",
        "esbuild-plugin-umd-wrapper": "^3.0.0",
        "eslint": "^9.39.1",
        "highlight.js": "^11.11.1",
        "markdown-it": "14.1.0",
        "marked-highlight": "^2.2.3",
        "marked-man": "^2.1.0",
        "recheck": "^4.5.0",
        "rimraf": "^6.1.0",
        "semantic-release": "^25.0.1",
        "titleize": "^4.0.0",
        "tslib": "^2.8.1",
        "typescript": "5.9.3"
      },
      "engines": {
        "node": ">= 20"
      }
    },
    "../node_modules/.pnpm/resend@6.6.0/node_modules/resend": {
      "version": "6.6.0",
      "license": "MIT",
      "dependencies": {
        "svix": "1.76.1"
      },
      "devDependencies": {
        "@biomejs/biome": "2.2.5",
        "@pollyjs/adapter-fetch": "6.0.7",
        "@pollyjs/core": "6.0.6",
        "@pollyjs/persister-fs": "6.0.6",
        "@types/node": "24.10.1",
        "@types/react": "19.2.0",
        "cross-env": "10.1.0",
        "dotenv": "17.2.3",
        "pkg-pr-new": "0.0.60",
        "rimraf": "6.1.0",
        "tsdown": "0.16.5",
        "typescript": "5.9.3",
        "vitest": "3.2.4",
        "vitest-fetch-mock": "0.4.5"
      },
      "engines": {
        "node": ">=20"
      },
      "peerDependencies": {
        "@react-email/render": "*"
      },
      "peerDependenciesMeta": {
        "@react-email/render": {
          "optional": true
        }
      }
    },
    "../node_modules/.pnpm/tailwind-merge@3.4.0/node_modules/tailwind-merge": {
      "version": "3.4.0",
      "license": "MIT",
      "devDependencies": {
        "@babel/core": "^7.28.4",
        "@babel/preset-env": "^7.28.3",
        "@codspeed/vitest-plugin": "^5.0.1",
        "@rollup/plugin-babel": "^6.0.4",
        "@rollup/plugin-node-resolve": "^16.0.1",
        "@rollup/plugin-typescript": "^12.1.4",
        "@types/node": "^24.9.2",
        "@vitest/coverage-v8": "^3.2.4",
        "@vitest/eslint-plugin": "^1.3.15",
        "babel-plugin-annotate-pure-calls": "^0.5.0",
        "babel-plugin-polyfill-regenerator": "^0.6.5",
        "eslint": "^9.37.0",
        "eslint-plugin-import": "^2.32.0",
        "globby": "^11.1.0",
        "prettier": "^3.6.2",
        "rollup": "^4.52.4",
        "rollup-plugin-delete": "^3.0.1",
        "rollup-plugin-dts": "^6.2.3",
        "tslib": "^2.8.1",
        "typescript": "^5.9.3",
        "typescript-eslint": "^8.45.0",
        "vitest": "^3.2.4",
        "zx": "^8.8.4"
      },
      "funding": {
        "type": "github",
        "url": "https://github.com/sponsors/dcastil"
      }
    },
    "../node_modules/.pnpm/tailwindcss@4.1.18/node_modules/tailwindcss": {
      "version": "4.1.18",
      "license": "MIT",
      "devDependencies": {
        "@jridgewell/remapping": "^2.3.4",
        "@tailwindcss/oxide": "^4.1.18",
        "@types/node": "^20.19.0",
        "dedent": "1.7.0",
        "lightningcss": "1.30.2",
        "magic-string": "^0.30.21",
        "source-map-js": "^1.2.1"
      }
    },
    "../node_modules/.pnpm/three@0.182.0/node_modules/three": {
      "version": "0.182.0",
      "license": "MIT",
      "devDependencies": {
        "@eslint/js": "^9.0.0",
        "@rollup/plugin-node-resolve": "^16.0.0",
        "@rollup/plugin-terser": "^0.4.0",
        "concurrently": "^9.0.0",
        "eslint": "^9.0.0",
        "eslint-config-mdcs": "^5.0.0",
        "eslint-plugin-compat": "^6.0.0",
        "eslint-plugin-html": "^8.1.3",
        "eslint-plugin-import": "^2.32.0",
        "eslint-plugin-jsdoc": "^61.4.1",
        "globals": "^16.5.0",
        "jimp": "^1.6.0",
        "jsdoc": "^4.0.5",
        "magic-string": "^0.30.0",
        "pixelmatch": "^7.0.0",
        "puppeteer": "^24.25.0",
        "qunit": "^2.19.4",
        "rollup": "^4.6.0",
        "rollup-plugin-filesize": "^10.0.0",
        "servez": "^2.2.4"
      }
    },
    "../node_modules/.pnpm/vanilla-cookieconsent@3.1.0/node_modules/vanilla-cookieconsent": {
      "version": "3.1.0",
      "license": "MIT",
      "devDependencies": {
        "@babel/core": "^7.26.7",
        "@babel/preset-env": "^7.26.7",
        "@rollup/plugin-eslint": "^9.0.5",
        "@rollup/plugin-terser": "^0.4.4",
        "@types/jest": "^29.5.14",
        "babel-jest": "^29.7.0",
        "cssnano": "^7.0.6",
        "eslint": "^9.19.0",
        "fast-glob": "^3.3.3",
        "jest": "^29.7.0",
        "jest-environment-jsdom": "^29.7.0",
        "postcss-combine-duplicated-selectors": "^10.0.3",
        "rollup": "^4.34.2",
        "rollup-plugin-postcss": "^4.0.2",
        "sass": "^1.83.4",
        "sitemap": "^8.0.0",
        "vitepress": "1.6.3"
      }
    },
    "node_modules/@alpinejs/collapse": {
      "resolved": "../node_modules/.pnpm/@alpinejs+collapse@3.15.3/node_modules/@alpinejs/collapse",
      "link": true
    },
    "node_modules/@astrojs/mdx": {
      "resolved": "../node_modules/.pnpm/@astrojs+mdx@4.3.13_astro@5.16.6_@types+node@25.0.3_jiti@2.6.1_lightningcss@1.30.2_roll_8f3b931b9797a2b17cf155c0306554e6/node_modules/@astrojs/mdx",
      "link": true
    },
    "node_modules/@astrojs/node": {
      "resolved": "../node_modules/.pnpm/@astrojs+node@9.5.1_astro@5.16.6_@types+node@25.0.3_jiti@2.6.1_lightningcss@1.30.2_roll_36ca7bf1791bea0fcf63c3d3be5032b5/node_modules/@astrojs/node",
      "link": true
    },
    "node_modules/@astrojs/sitemap": {
      "resolved": "../node_modules/.pnpm/@astrojs+sitemap@3.6.0/node_modules/@astrojs/sitemap",
      "link": true
    },
    "node_modules/@iconify-json/heroicons": {
      "resolved": "../node_modules/.pnpm/@iconify-json+heroicons@1.2.3/node_modules/@iconify-json/heroicons",
      "link": true
    },
    "node_modules/@iconify-json/simple-icons": {
      "resolved": "../node_modules/.pnpm/@iconify-json+simple-icons@1.2.64/node_modules/@iconify-json/simple-icons",
      "link": true
    },
    "node_modules/@tailwindcss/forms": {
      "resolved": "../node_modules/.pnpm/@tailwindcss+forms@0.5.11_tailwindcss@4.1.18/node_modules/@tailwindcss/forms",
      "link": true
    },
    "node_modules/@tailwindcss/typography": {
      "resolved": "../node_modules/.pnpm/@tailwindcss+typography@0.5.19_tailwindcss@4.1.18/node_modules/@tailwindcss/typography",
      "link": true
    },
    "node_modules/@tailwindcss/vite": {
      "resolved": "../node_modules/.pnpm/@tailwindcss+vite@4.1.18_vite@6.4.1_@types+node@25.0.3_jiti@2.6.1_lightningcss@1.30.2_tsx@4.21.0_yaml@2.8.2_/node_modules/@tailwindcss/vite",
      "link": true
    },
    "node_modules/@types/js-yaml": {
      "resolved": "../node_modules/.pnpm/@types+js-yaml@4.0.9/node_modules/@types/js-yaml",
      "link": true
    },
    "node_modules/@types/three": {
      "resolved": "../node_modules/.pnpm/@types+three@0.182.0/node_modules/@types/three",
      "link": true
    },
    "node_modules/alpinejs": {
      "resolved": "../node_modules/.pnpm/alpinejs@3.15.3/node_modules/alpinejs",
      "link": true
    },
    "node_modules/astro": {
      "resolved": "../node_modules/.pnpm/astro@5.16.6_@types+node@25.0.3_jiti@2.6.1_lightningcss@1.30.2_rollup@4.54.0_tsx@4.21.0_typescript@5.9.3_yaml@2.8.2/node_modules/astro",
      "link": true
    },
    "node_modules/astro-icon": {
      "resolved": "../node_modules/.pnpm/astro-icon@1.1.5/node_modules/astro-icon",
      "link": true
    },
    "node_modules/gsap": {
      "resolved": "../node_modules/.pnpm/gsap@3.14.2/node_modules/gsap",
      "link": true
    },
    "node_modules/js-yaml": {
      "resolved": "../node_modules/.pnpm/js-yaml@4.1.1/node_modules/js-yaml",
      "link": true
    },
    "node_modules/marked": {
      "resolved": "../node_modules/.pnpm/marked@17.0.1/node_modules/marked",
      "link": true
    },
    "node_modules/resend": {
      "resolved": "../node_modules/.pnpm/resend@6.6.0/node_modules/resend",
      "link": true
    },
    "node_modules/tailwind-merge": {
      "resolved": "../node_modules/.pnpm/tailwind-merge@3.4.0/node_modules/tailwind-merge",
      "link": true
    },
    "node_modules/tailwindcss": {
      "resolved": "../node_modules/.pnpm/tailwindcss@4.1.18/node_modules/tailwindcss",
      "link": true
    },
    "node_modules/three": {
      "resolved": "../node_modules/.pnpm/three@0.182.0/node_modules/three",
      "link": true
    },
    "node_modules/vanilla-cookieconsent": {
      "resolved": "../node_modules/.pnpm/vanilla-cookieconsent@3.1.0/node_modules/vanilla-cookieconsent",
      "link": true
    }
  }
}
